
Microsoft Visual Studio Solution File, Format Version 12.00
# Visual Studio Version 17
VisualStudioVersion = 17.14.36518.9 d17.14
MinimumVisualStudioVersion = 10.0.40219.1
Project("{FAE04EC0-301F-11D3-BF4B-00C04F79EFBC}") = "Musnews.Models", "Musnews.Models\Musnews.Models.csproj", "{4A96BE74-9A88-439A-8D06-D6954B738621}"
EndProject
Project("{FAE04EC0-301F-11D3-BF4B-00C04F79EFBC}") = "Musnews.Data", "Musnews.Data\Musnews.Data.csproj", "{5CB41DF7-84BC-411E-BDC5-00E9DFCCD446}"
EndProject
Project("{FAE04EC0-301F-11D3-BF4B-00C04F79EFBC}") = "Musnews.Server", "Musnews.Server\Musnews.Server.csproj", "{4BC14875-B5C5-47BD-8A61-BFDAF67AE1BC}"
EndProject
Project("{FAE04EC0-301F-11D3-BF4B-00C04F79EFBC}") = "Musnews.Tests", "Musnews.Tests\Musnews.Tests.csproj", "{2C544A3D-5A18-4545-9D27-F5084A168818}"
EndProject
Global
	GlobalSection(SolutionConfigurationPlatforms) = preSolution
		Debug|Any CPU = Debug|Any CPU
		Release|Any CPU = Release|Any CPU
	EndGlobalSection
	GlobalSection(ProjectConfigurationPlatforms) = postSolution
		{4A96BE74-9A88-439A-8D06-D6954B738621}.Debug|Any CPU.ActiveCfg = Debug|Any CPU
		{4A96BE74-9A88-439A-8D06-D6954B738621}.Debug|Any CPU.Build.0 = Debug|Any CPU
		{4A96BE74-9A88-439A-8D06-D6954B738621}.Release|Any CPU.ActiveCfg = Release|Any CPU
		{4A96BE74-9A88-439A-8D06-D6954B738621}.Release|Any CPU.Build.0 = Release|Any CPU
		{5CB41DF7-84BC-411E-BDC5-00E9DFCCD446}.Debug|Any CPU.ActiveCfg = Debug|Any CPU
		{5CB41DF7-84BC-411E-BDC5-00E9DFCCD446}.Debug|Any CPU.Build.0 = Debug|Any CPU
		{5CB41DF7-84BC-411E-BDC5-00E9DFCCD446}.Release|Any CPU.ActiveCfg = Release|Any CPU
		{5CB41DF7-84BC-411E-BDC5-00E9DFCCD446}.Release|Any CPU.Build.0 = Release|Any CPU
		{4BC14875-B5C5-47BD-8A61-BFDAF67AE1BC}.Debug|Any CPU.ActiveCfg = Debug|Any CPU
		{4BC14875-B5C5-47BD-8A61-BFDAF67AE1BC}.Debug|Any CPU.Build.0 = Debug|Any CPU
		{4BC14875-B5C5-47BD-8A61-BFDAF67AE1BC}.Release|Any CPU.ActiveCfg = Release|Any CPU
		{4BC14875-B5C5-47BD-8A61-BFDAF67AE1BC}.Release|Any CPU.Build.0 = Release|Any CPU
		{2C544A3D-5A18-4545-9D27-F5084A168818}.Debug|Any CPU.ActiveCfg = Debug|Any CPU
		{2C544A3D-5A18-4545-9D27-F5084A168818}.Debug|Any CPU.Build.0 = Debug|Any CPU
		{2C544A3D-5A18-4545-9D27-F5084A168818}.Release|Any CPU.ActiveCfg = Release|Any CPU
		{2C544A3D-5A18-4545-9D27-F5084A168818}.Release|Any CPU.Build.0 = Release|Any CPU
	EndGlobalSection
	GlobalSection(SolutionProperties) = preSolution
		HideSolutionNode = FALSE
	EndGlobalSection
	GlobalSection(ExtensibilityGlobals) = postSolution
		SolutionGuid = {B66978F0-4976-4532-BDED-1956A1C5CB17}
	EndGlobalSection
EndGlobal
